
Microsoft Visual Studio Solution File, Format Version 12.00
# Visual Studio 15
VisualStudioVersion = 15.0.27428.2027
MinimumVisualStudioVersion = 10.0.40219.1
Project("{9A19103F-16F7-4668-BE54-9A1E7A4F7556}") = "BPCACondoDeficiencies", "BPCACondoDeficiencies\BPCACondoDeficiencies.csproj", "{0A06E410-5044-41B8-AB85-852A8DABBA4D}"
EndProject
Project("{FAE04EC0-301F-11D3-BF4B-00C04F79EFBC}") = "CondoDeficiencyReports", "CondoDeficiencieReports\CondoDeficiencyReports.csproj", "{FAA77C22-D5A2-43E4-BFA5-096D8305E58F}"
EndProject
Global
	GlobalSection(SolutionConfigurationPlatforms) = preSolution
		Debug|Any CPU = Debug|Any CPU
		Release|Any CPU = Release|Any CPU
	EndGlobalSection
	GlobalSection(ProjectConfigurationPlatforms) = postSolution
		{0A06E410-5044-41B8-AB85-852A8DABBA4D}.Debug|Any CPU.ActiveCfg = Debug|Any CPU
		{0A06E410-5044-41B8-AB85-852A8DABBA4D}.Debug|Any CPU.Build.0 = Debug|Any CPU
		{0A06E410-5044-41B8-AB85-852A8DABBA4D}.Release|Any CPU.ActiveCfg = Release|Any CPU
		{0A06E410-5044-41B8-AB85-852A8DABBA4D}.Release|Any CPU.Build.0 = Release|Any CPU
		{FAA77C22-D5A2-43E4-BFA5-096D8305E58F}.Debug|Any CPU.ActiveCfg = Debug|Any CPU
		{FAA77C22-D5A2-43E4-BFA5-096D8305E58F}.Debug|Any CPU.Build.0 = Debug|Any CPU
		{FAA77C22-D5A2-43E4-BFA5-096D8305E58F}.Release|Any CPU.ActiveCfg = Release|Any CPU
		{FAA77C22-D5A2-43E4-BFA5-096D8305E58F}.Release|Any CPU.Build.0 = Release|Any CPU
	EndGlobalSection
	GlobalSection(SolutionProperties) = preSolution
		HideSolutionNode = FALSE
	EndGlobalSection
	GlobalSection(ExtensibilityGlobals) = postSolution
		SolutionGuid = {4735E13F-45EF-4923-A288-CF1439C241B0}
	EndGlobalSection
EndGlobal
